
Microsoft Visual Studio Solution File, Format Version 12.00
# Visual Studio Version 17
VisualStudioVersion = 17.0.31903.59
MinimumVisualStudioVersion = 10.0.40219.1
Project("{2150E333-8FDC-42A3-9474-1A3956D46DE8}") = "src", "src", "{827E0CD3-B72D-47B6-A68D-7590B98EB39B}"
EndProject
Project("{FAE04EC0-301F-11D3-BF4B-00C04F79EFBC}") = "AlphaSqueeze.Core", "src\AlphaSqueeze.Core\AlphaSqueeze.Core.csproj", "{BFD8856C-3337-4521-B835-74733382E281}"
EndProject
Project("{FAE04EC0-301F-11D3-BF4B-00C04F79EFBC}") = "AlphaSqueeze.Data", "src\AlphaSqueeze.Data\AlphaSqueeze.Data.csproj", "{1E483D5A-FA5B-4626-A83F-CBF95353520F}"
EndProject
Project("{FAE04EC0-301F-11D3-BF4B-00C04F79EFBC}") = "AlphaSqueeze.Shared", "src\AlphaSqueeze.Shared\AlphaSqueeze.Shared.csproj", "{FABAF815-94CE-4593-AC34-A76755737CCF}"
EndProject
Project("{FAE04EC0-301F-11D3-BF4B-00C04F79EFBC}") = "AlphaSqueeze.Api", "src\AlphaSqueeze.Api\AlphaSqueeze.Api.csproj", "{856CB91C-1AD4-4753-9CA8-0E74CC92761B}"
EndProject
Project("{2150E333-8FDC-42A3-9474-1A3956D46DE8}") = "tests", "tests", "{0AB3BF05-4346-4AA6-1389-037BE0695223}"
EndProject
Project("{FAE04EC0-301F-11D3-BF4B-00C04F79EFBC}") = "AlphaSqueeze.Tests", "tests\AlphaSqueeze.Tests\AlphaSqueeze.Tests.csproj", "{9858EBAD-2249-4849-B350-3345CF5AD24C}"
EndProject
Global
	GlobalSection(SolutionConfigurationPlatforms) = preSolution
		Debug|Any CPU = Debug|Any CPU
		Debug|x64 = Debug|x64
		Debug|x86 = Debug|x86
		Release|Any CPU = Release|Any CPU
		Release|x64 = Release|x64
		Release|x86 = Release|x86
	EndGlobalSection
	GlobalSection(ProjectConfigurationPlatforms) = postSolution
		{BFD8856C-3337-4521-B835-74733382E281}.Debug|Any CPU.ActiveCfg = Debug|Any CPU
		{BFD8856C-3337-4521-B835-74733382E281}.Debug|Any CPU.Build.0 = Debug|Any CPU
		{BFD8856C-3337-4521-B835-74733382E281}.Debug|x64.ActiveCfg = Debug|Any CPU
		{BFD8856C-3337-4521-B835-74733382E281}.Debug|x64.Build.0 = Debug|Any CPU
		{BFD8856C-3337-4521-B835-74733382E281}.Debug|x86.ActiveCfg = Debug|Any CPU
		{BFD8856C-3337-4521-B835-74733382E281}.Debug|x86.Build.0 = Debug|Any CPU
		{BFD8856C-3337-4521-B835-74733382E281}.Release|Any CPU.ActiveCfg = Release|Any CPU
		{BFD8856C-3337-4521-B835-74733382E281}.Release|Any CPU.Build.0 = Release|Any CPU
		{BFD8856C-3337-4521-B835-74733382E281}.Release|x64.ActiveCfg = Release|Any CPU
		{BFD8856C-3337-4521-B835-74733382E281}.Release|x64.Build.0 = Release|Any CPU
		{BFD8856C-3337-4521-B835-74733382E281}.Release|x86.ActiveCfg = Release|Any CPU
		{BFD8856C-3337-4521-B835-74733382E281}.Release|x86.Build.0 = Release|Any CPU
		{1E483D5A-FA5B-4626-A83F-CBF95353520F}.Debug|Any CPU.ActiveCfg = Debug|Any CPU
		{1E483D5A-FA5B-4626-A83F-CBF95353520F}.Debug|Any CPU.Build.0 = Debug|Any CPU
		{1E483D5A-FA5B-4626-A83F-CBF95353520F}.Debug|x64.ActiveCfg = Debug|Any CPU
		{1E483D5A-FA5B-4626-A83F-CBF95353520F}.Debug|x64.Build.0 = Debug|Any CPU
		{1E483D5A-FA5B-4626-A83F-CBF95353520F}.Debug|x86.ActiveCfg = Debug|Any CPU
		{1E483D5A-FA5B-4626-A83F-CBF95353520F}.Debug|x86.Build.0 = Debug|Any CPU
		{1E483D5A-FA5B-4626-A83F-CBF95353520F}.Release|Any CPU.ActiveCfg = Release|Any CPU
		{1E483D5A-FA5B-4626-A83F-CBF95353520F}.Release|Any CPU.Build.0 = Release|Any CPU
		{1E483D5A-FA5B-4626-A83F-CBF95353520F}.Release|x64.ActiveCfg = Release|Any CPU
		{1E483D5A-FA5B-4626-A83F-CBF95353520F}.Release|x64.Build.0 = Release|Any CPU
		{1E483D5A-FA5B-4626-A83F-CBF95353520F}.Release|x86.ActiveCfg = Release|Any CPU
		{1E483D5A-FA5B-4626-A83F-CBF95353520F}.Release|x86.Build.0 = Release|Any CPU
		{FABAF815-94CE-4593-AC34-A76755737CCF}.Debug|Any CPU.ActiveCfg = Debug|Any CPU
		{FABAF815-94CE-4593-AC34-A76755737CCF}.Debug|Any CPU.Build.0 = Debug|Any CPU
		{FABAF815-94CE-4593-AC34-A76755737CCF}.Debug|x64.ActiveCfg = Debug|Any CPU
		{FABAF815-94CE-4593-AC34-A76755737CCF}.Debug|x64.Build.0 = Debug|Any CPU
		{FABAF815-94CE-4593-AC34-A76755737CCF}.Debug|x86.ActiveCfg = Debug|Any CPU
		{FABAF815-94CE-4593-AC34-A76755737CCF}.Debug|x86.Build.0 = Debug|Any CPU
		{FABAF815-94CE-4593-AC34-A76755737CCF}.Release|Any CPU.ActiveCfg = Release|Any CPU
		{FABAF815-94CE-4593-AC34-A76755737CCF}.Release|Any CPU.Build.0 = Release|Any CPU
		{FABAF815-94CE-4593-AC34-A76755737CCF}.Release|x64.ActiveCfg = Release|Any CPU
		{FABAF815-94CE-4593-AC34-A76755737CCF}.Release|x64.Build.0 = Release|Any CPU
		{FABAF815-94CE-4593-AC34-A76755737CCF}.Release|x86.ActiveCfg = Release|Any CPU
		{FABAF815-94CE-4593-AC34-A76755737CCF}.Release|x86.Build.0 = Release|Any CPU
		{856CB91C-1AD4-4753-9CA8-0E74CC92761B}.Debug|Any CPU.ActiveCfg = Debug|Any CPU
		{856CB91C-1AD4-4753-9CA8-0E74CC92761B}.Debug|Any CPU.Build.0 = Debug|Any CPU
		{856CB91C-1AD4-4753-9CA8-0E74CC92761B}.Debug|x64.ActiveCfg = Debug|Any CPU
		{856CB91C-1AD4-4753-9CA8-0E74CC92761B}.Debug|x64.Build.0 = Debug|Any CPU
		{856CB91C-1AD4-4753-9CA8-0E74CC92761B}.Debug|x86.ActiveCfg = Debug|Any CPU
		{856CB91C-1AD4-4753-9CA8-0E74CC92761B}.Debug|x86.Build.0 = Debug|Any CPU
		{856CB91C-1AD4-4753-9CA8-0E74CC92761B}.Release|Any CPU.ActiveCfg = Release|Any CPU
		{856CB91C-1AD4-4753-9CA8-0E74CC92761B}.Release|Any CPU.Build.0 = Release|Any CPU
		{856CB91C-1AD4-4753-9CA8-0E74CC92761B}.Release|x64.ActiveCfg = Release|Any CPU
		{856CB91C-1AD4-4753-9CA8-0E74CC92761B}.Release|x64.Build.0 = Release|Any CPU
		{856CB91C-1AD4-4753-9CA8-0E74CC92761B}.Release|x86.ActiveCfg = Release|Any CPU
		{856CB91C-1AD4-4753-9CA8-0E74CC92761B}.Release|x86.Build.0 = Release|Any CPU
		{9858EBAD-2249-4849-B350-3345CF5AD24C}.Debug|Any CPU.ActiveCfg = Debug|Any CPU
		{9858EBAD-2249-4849-B350-3345CF5AD24C}.Debug|Any CPU.Build.0 = Debug|Any CPU
		{9858EBAD-2249-4849-B350-3345CF5AD24C}.Debug|x64.ActiveCfg = Debug|Any CPU
		{9858EBAD-2249-4849-B350-3345CF5AD24C}.Debug|x64.Build.0 = Debug|Any CPU
		{9858EBAD-2249-4849-B350-3345CF5AD24C}.Debug|x86.ActiveCfg = Debug|Any CPU
		{9858EBAD-2249-4849-B350-3345CF5AD24C}.Debug|x86.Build.0 = Debug|Any CPU
		{9858EBAD-2249-4849-B350-3345CF5AD24C}.Release|Any CPU.ActiveCfg = Release|Any CPU
		{9858EBAD-2249-4849-B350-3345CF5AD24C}.Release|Any CPU.Build.0 = Release|Any CPU
		{9858EBAD-2249-4849-B350-3345CF5AD24C}.Release|x64.ActiveCfg = Release|Any CPU
		{9858EBAD-2249-4849-B350-3345CF5AD24C}.Release|x64.Build.0 = Release|Any CPU
		{9858EBAD-2249-4849-B350-3345CF5AD24C}.Release|x86.ActiveCfg = Release|Any CPU
		{9858EBAD-2249-4849-B350-3345CF5AD24C}.Release|x86.Build.0 = Release|Any CPU
	EndGlobalSection
	GlobalSection(SolutionProperties) = preSolution
		HideSolutionNode = FALSE
	EndGlobalSection
	GlobalSection(NestedProjects) = preSolution
		{BFD8856C-3337-4521-B835-74733382E281} = {827E0CD3-B72D-47B6-A68D-7590B98EB39B}
		{1E483D5A-FA5B-4626-A83F-CBF95353520F} = {827E0CD3-B72D-47B6-A68D-7590B98EB39B}
		{FABAF815-94CE-4593-AC34-A76755737CCF} = {827E0CD3-B72D-47B6-A68D-7590B98EB39B}
		{856CB91C-1AD4-4753-9CA8-0E74CC92761B} = {827E0CD3-B72D-47B6-A68D-7590B98EB39B}
		{9858EBAD-2249-4849-B350-3345CF5AD24C} = {0AB3BF05-4346-4AA6-1389-037BE0695223}
	EndGlobalSection
EndGlobal
